// !$*UTF8*$!
{
	archiveVersion = 1;
	classes = {
	};
	objectVersion = 46;
	objects = {

/* Begin PBXBuildFile section */
		49947B831C4542B8008E0ED7 /* Main.storyboard in Resources */ = {isa = PBXBuildFile; fileRef = 49947B811C4542B8008E0ED7 /* Main.storyboard */; };
		49947B851C4542B8008E0ED7 /* Assets.xcassets in Resources */ = {isa = PBXBuildFile; fileRef = 49947B841C4542B8008E0ED7 /* Assets.xcassets */; };
		49947B881C4542B8008E0ED7 /* LaunchScreen.storyboard in Resources */ = {isa = PBXBuildFile; fileRef = 49947B861C4542B8008E0ED7 /* LaunchScreen.storyboard */; };
		49947B931C4542B8008E0ED7 /* ArkWaterflowViewTests.m in Sources */ = {isa = PBXBuildFile; fileRef = 49947B921C4542B8008E0ED7 /* ArkWaterflowViewTests.m */; };
		49947B9E1C4542B8008E0ED7 /* ArkWaterflowViewUITests.m in Sources */ = {isa = PBXBuildFile; fileRef = 49947B9D1C4542B8008E0ED7 /* ArkWaterflowViewUITests.m */; };
		49947BB21C454300008E0ED7 /* AppDelegate.m in Sources */ = {isa = PBXBuildFile; fileRef = 49947BAE1C454300008E0ED7 /* AppDelegate.m */; };
		49947BB31C454300008E0ED7 /* main.m in Sources */ = {isa = PBXBuildFile; fileRef = 49947BAF1C454300008E0ED7 /* main.m */; };
		49947BB41C454300008E0ED7 /* ViewController.m in Sources */ = {isa = PBXBuildFile; fileRef = 49947BB11C454300008E0ED7 /* ViewController.m */; };
		49947BB81C4545B2008E0ED7 /* ArkWaterflowView.m in Sources */ = {isa = PBXBuildFile; fileRef = 49947BB71C4545B2008E0ED7 /* ArkWaterflowView.m */; };
		49947BBB1C4545D3008E0ED7 /* ArkWaterflowCell.m in Sources */ = {isa = PBXBuildFile; fileRef = 49947BBA1C4545D3008E0ED7 /* ArkWaterflowCell.m */; };
/* End PBXBuildFile section */

/* Begin PBXContainerItemProxy section */
		49947B8F1C4542B8008E0ED7 /* PBXContainerItemProxy */ = {
			isa = PBXContainerItemProxy;
			containerPortal = 49947B6D1C4542B8008E0ED7 /* Project object */;
			proxyType = 1;
			remoteGlobalIDString = 49947B741C4542B8008E0ED7;
			remoteInfo = ArkWaterflowView;
		};
		49947B9A1C4542B8008E0ED7 /* PBXContainerItemProxy */ = {
			isa = PBXContainerItemProxy;
			containerPortal = 49947B6D1C4542B8008E0ED7 /* Project object */;
			proxyType = 1;
			remoteGlobalIDString = 49947B741C4542B8008E0ED7;
			remoteInfo = ArkWaterflowView;
		};
/* End PBXContainerItemProxy section */

/* Begin PBXFileReference section */
		49947B751C4542B8008E0ED7 /* ArkWaterflowView.app */ = {isa = PBXFileReference; explicitFileType = wrapper.application; includeInIndex = 0; path = ArkWaterflowView.app; sourceTree = BUILT_PRODUCTS_DIR; };
		49947B821C4542B8008E0ED7 /* Base */ = {isa = PBXFileReference; lastKnownFileType = file.storyboard; name = Base; path = Base.lproj/Main.storyboard; sourceTree = "<group>"; };
		49947B841C4542B8008E0ED7 /* Assets.xcassets */ = {isa = PBXFileReference; lastKnownFileType = folder.assetcatalog; path = Assets.xcassets; sourceTree = "<group>"; };
		49947B871C4542B8008E0ED7 /* Base */ = {isa = PBXFileReference; lastKnownFileType = file.storyboard; name = Base; path = Base.lproj/LaunchScreen.storyboard; sourceTree = "<group>"; };
		49947B891C4542B8008E0ED7 /* Info.plist */ = {isa = PBXFileReference; lastKnownFileType = text.plist.xml; path = Info.plist; sourceTree = "<group>"; };
		49947B8E1C4542B8008E0ED7 /* ArkWaterflowViewTests.xctest */ = {isa = PBXFileReference; explicitFileType = wrapper.cfbundle; includeInIndex = 0; path = ArkWaterflowViewTests.xctest; sourceTree = BUILT_PRODUCTS_DIR; };
		49947B921C4542B8008E0ED7 /* ArkWaterflowViewTests.m */ = {isa = PBXFileReference; lastKnownFileType = sourcecode.c.objc; path = ArkWaterflowViewTests.m; sourceTree = "<group>"; };
		49947B941C4542B8008E0ED7 /* Info.plist */ = {isa = PBXFileReference; lastKnownFileType = text.plist.xml; path = Info.plist; sourceTree = "<group>"; };
		49947B991C4542B8008E0ED7 /* ArkWaterflowViewUITests.xctest */ = {isa = PBXFileReference; explicitFileType = wrapper.cfbundle; includeInIndex = 0; path = ArkWaterflowViewUITests.xctest; sourceTree = BUILT_PRODUCTS_DIR; };
		49947B9D1C4542B8008E0ED7 /* ArkWaterflowViewUITests.m */ = {isa = PBXFileReference; lastKnownFileType = sourcecode.c.objc; path = ArkWaterflowViewUITests.m; sourceTree = "<group>"; };
		49947B9F1C4542B8008E0ED7 /* Info.plist */ = {isa = PBXFileReference; lastKnownFileType = text.plist.xml; path = Info.plist; sourceTree = "<group>"; };
		49947BAD1C454300008E0ED7 /* AppDelegate.h */ = {isa = PBXFileReference; fileEncoding = 4; lastKnownFileType = sourcecode.c.h; path = AppDelegate.h; sourceTree = "<group>"; };
		49947BAE1C454300008E0ED7 /* AppDelegate.m */ = {isa = PBXFileReference; fileEncoding = 4; lastKnownFileType = sourcecode.c.objc; path = AppDelegate.m; sourceTree = "<group>"; };
		49947BAF1C454300008E0ED7 /* main.m */ = {isa = PBXFileReference; fileEncoding = 4; lastKnownFileType = sourcecode.c.objc; path = main.m; sourceTree = "<group>"; };
		49947BB01C454300008E0ED7 /* ViewController.h */ = {isa = PBXFileReference; fileEncoding = 4; lastKnownFileType = sourcecode.c.h; path = ViewController.h; sourceTree = "<group>"; };
		49947BB11C454300008E0ED7 /* ViewController.m */ = {isa = PBXFileReference; fileEncoding = 4; lastKnownFileType = sourcecode.c.objc; path = ViewController.m; sourceTree = "<group>"; };
		49947BB61C4545B2008E0ED7 /* ArkWaterflowView.h */ = {isa = PBXFileReference; fileEncoding = 4; lastKnownFileType = sourcecode.c.h; path = ArkWaterflowView.h; sourceTree = "<group>"; };
		49947BB71C4545B2008E0ED7 /* ArkWaterflowView.m */ = {isa = PBXFileReference; fileEncoding = 4; lastKnownFileType = sourcecode.c.objc; path = ArkWaterflowView.m; sourceTree = "<group>"; };
		49947BB91C4545D3008E0ED7 /* ArkWaterflowCell.h */ = {isa = PBXFileReference; fileEncoding = 4; lastKnownFileType = sourcecode.c.h; path = ArkWaterflowCell.h; sourceTree = "<group>"; };
		49947BBA1C4545D3008E0ED7 /* ArkWaterflowCell.m */ = {isa = PBXFileReference; fileEncoding = 4; lastKnownFileType = sourcecode.c.objc; path = ArkWaterflowCell.m; sourceTree = "<group>"; };
/* End PBXFileReference section */

/* Begin PBXFrameworksBuildPhase section */
		49947B721C4542B8008E0ED7 /* Frameworks */ = {
			isa = PBXFrameworksBuildPhase;
			buildActionMask = 2147483647;
			files = (
			);
			runOnlyForDeploymentPostprocessing = 0;
		};
		49947B8B1C4542B8008E0ED7 /* Frameworks */ = {
			isa = PBXFrameworksBuildPhase;
			buildActionMask = 2147483647;
			files = (
			);
			runOnlyForDeploymentPostprocessing = 0;
		};
		49947B961C4542B8008E0ED7 /* Frameworks */ = {
			isa = PBXFrameworksBuildPhase;
			buildActionMask = 2147483647;
			files = (
			);
			runOnlyForDeploymentPostprocessing = 0;
		};
/* End PBXFrameworksBuildPhase section */

/* Begin PBXGroup section */
		49947B6C1C4542B8008E0ED7 = {
			isa = PBXGroup;
			children = (
				49947B771C4542B8008E0ED7 /* ArkWaterflowView */,
				49947B911C4542B8008E0ED7 /* ArkWaterflowViewTests */,
				49947B9C1C4542B8008E0ED7 /* ArkWaterflowViewUITests */,
				49947B761C4542B8008E0ED7 /* Products */,
			);
			sourceTree = "<group>";
		};
		49947B761C4542B8008E0ED7 /* Products */ = {
			isa = PBXGroup;
			children = (
				49947B751C4542B8008E0ED7 /* ArkWaterflowView.app */,
				49947B8E1C4542B8008E0ED7 /* ArkWaterflowViewTests.xctest */,
				49947B991C4542B8008E0ED7 /* ArkWaterflowViewUITests.xctest */,
			);
			name = Products;
			sourceTree = "<group>";
		};
		49947B771C4542B8008E0ED7 /* ArkWaterflowView */ = {
			isa = PBXGroup;
			children = (
				49947BAB1C454300008E0ED7 /* Classes */,
				49947B781C4542B8008E0ED7 /* Supporting Files */,
			);
			path = ArkWaterflowView;
			sourceTree = "<group>";
		};
		49947B781C4542B8008E0ED7 /* Supporting Files */ = {
			isa = PBXGroup;
			children = (
				49947B841C4542B8008E0ED7 /* Assets.xcassets */,
				49947B811C4542B8008E0ED7 /* Main.storyboard */,
				49947B861C4542B8008E0ED7 /* LaunchScreen.storyboard */,
				49947B891C4542B8008E0ED7 /* Info.plist */,
			);
			name = "Supporting Files";
			sourceTree = "<group>";
		};
		49947B911C4542B8008E0ED7 /* ArkWaterflowViewTests */ = {
			isa = PBXGroup;
			children = (
				49947B921C4542B8008E0ED7 /* ArkWaterflowViewTests.m */,
				49947B941C4542B8008E0ED7 /* Info.plist */,
			);
			path = ArkWaterflowViewTests;
			sourceTree = "<group>";
		};
		49947B9C1C4542B8008E0ED7 /* ArkWaterflowViewUITests */ = {
			isa = PBXGroup;
			children = (
				49947B9D1C4542B8008E0ED7 /* ArkWaterflowViewUITests.m */,
				49947B9F1C4542B8008E0ED7 /* Info.plist */,
			);
			path = ArkWaterflowViewUITests;
			sourceTree = "<group>";
		};
		49947BAB1C454300008E0ED7 /* Classes */ = {
			isa = PBXGroup;
			children = (
				49947BB51C454584008E0ED7 /* View */,
				49947BAC1C454300008E0ED7 /* Other */,
			);
			path = Classes;
			sourceTree = "<group>";
		};
		49947BAC1C454300008E0ED7 /* Other */ = {
			isa = PBXGroup;
			children = (
				49947BAD1C454300008E0ED7 /* AppDelegate.h */,
				49947BAE1C454300008E0ED7 /* AppDelegate.m */,
				49947BAF1C454300008E0ED7 /* main.m */,
				49947BB01C454300008E0ED7 /* ViewController.h */,
				49947BB11C454300008E0ED7 /* ViewController.m */,
			);
			path = Other;
			sourceTree = "<group>";
		};
		49947BB51C454584008E0ED7 /* View */ = {
			isa = PBXGroup;
			children = (
				49947BB61C4545B2008E0ED7 /* ArkWaterflowView.h */,
				49947BB71C4545B2008E0ED7 /* ArkWaterflowView.m */,
				49947BB91C4545D3008E0ED7 /* ArkWaterflowCell.h */,
				49947BBA1C4545D3008E0ED7 /* ArkWaterflowCell.m */,
			);
			path = View;
			sourceTree = "<group>";
		};
/* End PBXGroup section */

/* Begin PBXNativeTarget section */
		49947B741C4542B8008E0ED7 /* ArkWaterflowView */ = {
			isa = PBXNativeTarget;
			buildConfigurationList = 49947BA21C4542B8008E0ED7 /* Build configuration list for PBXNativeTarget "ArkWaterflowView" */;
			buildPhases = (
				49947B711C4542B8008E0ED7 /* Sources */,
				49947B721C4542B8008E0ED7 /* Frameworks */,
				49947B731C4542B8008E0ED7 /* Resources */,
			);
			buildRules = (
			);
			dependencies = (
			);
			name = ArkWaterflowView;
			productName = ArkWaterflowView;
			productReference = 49947B751C4542B8008E0ED7 /* ArkWaterflowView.app */;
			productType = "com.apple.product-type.application";
		};
		49947B8D1C4542B8008E0ED7 /* ArkWaterflowViewTests */ = {
			isa = PBXNativeTarget;
			buildConfigurationList = 49947BA51C4542B8008E0ED7 /* Build configuration list for PBXNativeTarget "ArkWaterflowViewTests" */;
			buildPhases = (
				49947B8A1C4542B8008E0ED7 /* Sources */,
				49947B8B1C4542B8008E0ED7 /* Frameworks */,
				49947B8C1C4542B8008E0ED7 /* Resources */,
			);
			buildRules = (
			);
			dependencies = (
				49947B901C4542B8008E0ED7 /* PBXTargetDependency */,
			);
			name = ArkWaterflowViewTests;
			productName = ArkWaterflowViewTests;
			productReference = 49947B8E1C4542B8008E0ED7 /* ArkWaterflowViewTests.xctest */;
			productType = "com.apple.product-type.bundle.unit-test";
		};
		49947B981C4542B8008E0ED7 /* ArkWaterflowViewUITests */ = {
			isa = PBXNativeTarget;
			buildConfigurationList = 49947BA81C4542B8008E0ED7 /* Build configuration list for PBXNativeTarget "ArkWaterflowViewUITests" */;
			buildPhases = (
				49947B951C4542B8008E0ED7 /* Sources */,
				49947B961C4542B8008E0ED7 /* Frameworks */,
				49947B971C4542B8008E0ED7 /* Resources */,
			);
			buildRules = (
			);
			dependencies = (
				49947B9B1C4542B8008E0ED7 /* PBXTargetDependency */,
			);
			name = ArkWaterflowViewUITests;
			productName = ArkWaterflowViewUITests;
			productReference = 49947B991C4542B8008E0ED7 /* ArkWaterflowViewUITests.xctest */;
			productType = "com.apple.product-type.bundle.ui-testing";
		};
/* End PBXNativeTarget section */

/* Begin PBXProject section */
		49947B6D1C4542B8008E0ED7 /* Project object */ = {
			isa = PBXProject;
			attributes = {
				LastUpgradeCheck = 0710;
				ORGANIZATIONNAME = ark;
				TargetAttributes = {
					49947B741C4542B8008E0ED7 = {
						CreatedOnToolsVersion = 7.1;
					};
					49947B8D1C4542B8008E0ED7 = {
						CreatedOnToolsVersion = 7.1;
						TestTargetID = 49947B741C4542B8008E0ED7;
					};
					49947B981C4542B8008E0ED7 = {
						CreatedOnToolsVersion = 7.1;
						TestTargetID = 49947B741C4542B8008E0ED7;
					};
				};
			};
			buildConfigurationList = 49947B701C4542B8008E0ED7 /* Build configuration list for PBXProject "ArkWaterflowView" */;
			compatibilityVersion = "Xcode 3.2";
			developmentRegion = English;
			hasScannedForEncodings = 0;
			knownRegions = (
				en,
				Base,
			);
			mainGroup = 49947B6C1C4542B8008E0ED7;
			productRefGroup = 49947B761C4542B8008E0ED7 /* Products */;
			projectDirPath = "";
			projectRoot = "";
			targets = (
				49947B741C4542B8008E0ED7 /* ArkWaterflowView */,
				49947B8D1C4542B8008E0ED7 /* ArkWaterflowViewTests */,
				49947B981C4542B8008E0ED7 /* ArkWaterflowViewUITests */,
			);
		};
/* End PBXProject section */

/* Begin PBXResourcesBuildPhase section */
		49947B731C4542B8008E0ED7 /* Resources */ = {
			isa = PBXResourcesBuildPhase;
			buildActionMask = 2147483647;
			files = (
				49947B881C4542B8008E0ED7 /* LaunchScreen.storyboard in Resources */,
				49947B851C4542B8008E0ED7 /* Assets.xcassets in Resources */,
				49947B831C4542B8008E0ED7 /* Main.storyboard in Resources */,
			);
			runOnlyForDeploymentPostprocessing = 0;
		};
		49947B8C1C4542B8008E0ED7 /* Resources */ = {
			isa = PBXResourcesBuildPhase;
			buildActionMask = 2147483647;
			files = (
			);
			runOnlyForDeploymentPostprocessing = 0;
		};
		49947B971C4542B8008E0ED7 /* Resources */ = {
			isa = PBXResourcesBuildPhase;
			buildActionMask = 2147483647;
			files = (
			);
			runOnlyForDeploymentPostprocessing = 0;
		};
/* End PBXResourcesBuildPhase section */

/* Begin PBXSourcesBuildPhase section */
		49947B711C4542B8008E0ED7 /* Sources */ = {
			isa = PBXSourcesBuildPhase;
			buildActionMask = 2147483647;
			files = (
				49947BBB1C4545D3008E0ED7 /* ArkWaterflowCell.m in Sources */,
				49947BB21C454300008E0ED7 /* AppDelegate.m in Sources */,
				49947BB81C4545B2008E0ED7 /* ArkWaterflowView.m in Sources */,
				49947BB31C454300008E0ED7 /* main.m in Sources */,
				49947BB41C454300008E0ED7 /* ViewController.m in Sources */,
			);
			runOnlyForDeploymentPostprocessing = 0;
		};
		49947B8A1C4542B8008E0ED7 /* Sources */ = {
			isa = PBXSourcesBuildPhase;
			buildActionMask = 2147483647;
			files = (
				49947B931C4542B8008E0ED7 /* ArkWaterflowViewTests.m in Sources */,
			);
			runOnlyForDeploymentPostprocessing = 0;
		};
		49947B951C4542B8008E0ED7 /* Sources */ = {
			isa = PBXSourcesBuildPhase;
			buildActionMask = 2147483647;
			files = (
				49947B9E1C4542B8008E0ED7 /* ArkWaterflowViewUITests.m in Sources */,
			);
			runOnlyForDeploymentPostprocessing = 0;
		};
/* End PBXSourcesBuildPhase section */

/* Begin PBXTargetDependency section */
		49947B901C4542B8008E0ED7 /* PBXTargetDependency */ = {
			isa = PBXTargetDependency;
			target = 49947B741C4542B8008E0ED7 /* ArkWaterflowView */;
			targetProxy = 49947B8F1C4542B8008E0ED7 /* PBXContainerItemProxy */;
		};
		49947B9B1C4542B8008E0ED7 /* PBXTargetDependency */ = {
			isa = PBXTargetDependency;
			target = 49947B741C4542B8008E0ED7 /* ArkWaterflowView */;
			targetProxy = 49947B9A1C4542B8008E0ED7 /* PBXContainerItemProxy */;
		};
/* End PBXTargetDependency section */

/* Begin PBXVariantGroup section */
		49947B811C4542B8008E0ED7 /* Main.storyboard */ = {
			isa = PBXVariantGroup;
			children = (
				49947B821C4542B8008E0ED7 /* Base */,
			);
			name = Main.storyboard;
			sourceTree = "<group>";
		};
		49947B861C4542B8008E0ED7 /* LaunchScreen.storyboard */ = {
			isa = PBXVariantGroup;
			children = (
				49947B871C4542B8008E0ED7 /* Base */,
			);
			name = LaunchScreen.storyboard;
			sourceTree = "<group>";
		};
/* End PBXVariantGroup section */

/* Begin XCBuildConfiguration section */
		49947BA01C4542B8008E0ED7 /* Debug */ = {
			isa = XCBuildConfiguration;
			buildSettings = {
				ALWAYS_SEARCH_USER_PATHS = NO;
				CLANG_CXX_LANGUAGE_STANDARD = "gnu++0x";
				CLANG_CXX_LIBRARY = "libc++";
				CLANG_ENABLE_MODULES = YES;
				CLANG_ENABLE_OBJC_ARC = YES;
				CLANG_WARN_BOOL_CONVERSION = YES;
				CLANG_WARN_CONSTANT_CONVERSION = YES;
				CLANG_WARN_DIRECT_OBJC_ISA_USAGE = YES_ERROR;
				CLANG_WARN_EMPTY_BODY = YES;
				CLANG_WARN_ENUM_CONVERSION = YES;
				CLANG_WARN_INT_CONVERSION = YES;
				CLANG_WARN_OBJC_ROOT_CLASS = YES_ERROR;
				CLANG_WARN_UNREACHABLE_CODE = YES;
				CLANG_WARN__DUPLICATE_METHOD_MATCH = YES;
				"CODE_SIGN_IDENTITY[sdk=iphoneos*]" = "iPhone Developer";
				COPY_PHASE_STRIP = NO;
				DEBUG_INFORMATION_FORMAT = dwarf;
				ENABLE_STRICT_OBJC_MSGSEND = YES;
				ENABLE_TESTABILITY = YES;
				GCC_C_LANGUAGE_STANDARD = gnu99;
				GCC_DYNAMIC_NO_PIC = NO;
				GCC_NO_COMMON_BLOCKS = YES;
				GCC_OPTIMIZATION_LEVEL = 0;
				GCC_PREPROCESSOR_DEFINITIONS = (
					"DEBUG=1",
					"$(inherited)",
				);
				GCC_WARN_64_TO_32_BIT_CONVERSION = YES;
				GCC_WARN_ABOUT_RETURN_TYPE = YES_ERROR;
				GCC_WARN_UNDECLARED_SELECTOR = YES;
				GCC_WARN_UNINITIALIZED_AUTOS = YES_AGGRESSIVE;
				GCC_WARN_UNUSED_FUNCTION = YES;
				GCC_WARN_UNUSED_VARIABLE = YES;
				IPHONEOS_DEPLOYMENT_TARGET = 9.1;
				MTL_ENABLE_DEBUG_INFO = YES;
				ONLY_ACTIVE_ARCH = YES;
				SDKROOT = iphoneos;
				TARGETED_DEVICE_FAMILY = "1,2";
			};
			name = Debug;
		};
		49947BA11C4542B8008E0ED7 /* Release */ = {
			isa = XCBuildConfiguration;
			buildSettings = {
				ALWAYS_SEARCH_USER_PATHS = NO;
				CLANG_CXX_LANGUAGE_STANDARD = "gnu++0x";
				CLANG_CXX_LIBRARY = "libc++";
				CLANG_ENABLE_MODULES = YES;
				CLANG_ENABLE_OBJC_ARC = YES;
				CLANG_WARN_BOOL_CONVERSION = YES;
				CLANG_WARN_CONSTANT_CONVERSION = YES;
				CLANG_WARN_DIRECT_OBJC_ISA_USAGE = YES_ERROR;
				CLANG_WARN_EMPTY_BODY = YES;
				CLANG_WARN_ENUM_CONVERSION = YES;
				CLANG_WARN_INT_CONVERSION = YES;
				CLANG_WARN_OBJC_ROOT_CLASS = YES_ERROR;
				CLANG_WARN_UNREACHABLE_CODE = YES;
				CLANG_WARN__DUPLICATE_METHOD_MATCH = YES;
				"CODE_SIGN_IDENTITY[sdk=iphoneos*]" = "iPhone Developer";
				COPY_PHASE_STRIP = NO;
				DEBUG_INFORMATION_FORMAT = "dwarf-with-dsym";
				ENABLE_NS_ASSERTIONS = NO;
				ENABLE_STRICT_OBJC_MSGSEND = YES;
				GCC_C_LANGUAGE_STANDARD = gnu99;
				GCC_NO_COMMON_BLOCKS = YES;
				GCC_WARN_64_TO_32_BIT_CONVERSION = YES;
				GCC_WARN_ABOUT_RETURN_TYPE = YES_ERROR;
				GCC_WARN_UNDECLARED_SELECTOR = YES;
				GCC_WARN_UNINITIALIZED_AUTOS = YES_AGGRESSIVE;
				GCC_WARN_UNUSED_FUNCTION = YES;
				GCC_WARN_UNUSED_VARIABLE = YES;
				IPHONEOS_DEPLOYMENT_TARGET = 9.1;
				MTL_ENABLE_DEBUG_INFO = NO;
				SDKROOT = iphoneos;
				TARGETED_DEVICE_FAMILY = "1,2";
				VALIDATE_PRODUCT = YES;
			};
			name = Release;
		};
		49947BA31C4542B8008E0ED7 /* Debug */ = {
			isa = XCBuildConfiguration;
			buildSettings = {
				ASSETCATALOG_COMPILER_APPICON_NAME = AppIcon;
				INFOPLIST_FILE = ArkWaterflowView/Info.plist;
				LD_RUNPATH_SEARCH_PATHS = "$(inherited) @executable_path/Frameworks";
				PRODUCT_BUNDLE_IDENTIFIER = cn.ark.ArkWaterflowView;
				PRODUCT_NAME = "$(TARGET_NAME)";
			};
			name = Debug;
		};
		49947BA41C4542B8008E0ED7 /* Release */ = {
			isa = XCBuildConfiguration;
			buildSettings = {
				ASSETCATALOG_COMPILER_APPICON_NAME = AppIcon;
				INFOPLIST_FILE = ArkWaterflowView/Info.plist;
				LD_RUNPATH_SEARCH_PATHS = "$(inherited) @executable_path/Frameworks";
				PRODUCT_BUNDLE_IDENTIFIER = cn.ark.ArkWaterflowView;
				PRODUCT_NAME = "$(TARGET_NAME)";
			};
			name = Release;
		};
		49947BA61C4542B8008E0ED7 /* Debug */ = {
			isa = XCBuildConfiguration;
			buildSettings = {
				BUNDLE_LOADER = "$(TEST_HOST)";
				INFOPLIST_FILE = ArkWaterflowViewTests/Info.plist;
				LD_RUNPATH_SEARCH_PATHS = "$(inherited) @executable_path/Frameworks @loader_path/Frameworks";
				PRODUCT_BUNDLE_IDENTIFIER = cn.ark.ArkWaterflowViewTests;
				PRODUCT_NAME = "$(TARGET_NAME)";
				TEST_HOST = "$(BUILT_PRODUCTS_DIR)/ArkWaterflowView.app/ArkWaterflowView";
			};
			name = Debug;
		};
		49947BA71C4542B8008E0ED7 /* Release */ = {
			isa = XCBuildConfiguration;
			buildSettings = {
				BUNDLE_LOADER = "$(TEST_HOST)";
				INFOPLIST_FILE = ArkWaterflowViewTests/Info.plist;
				LD_RUNPATH_SEARCH_PATHS = "$(inherited) @executable_path/Frameworks @loader_path/Frameworks";
				PRODUCT_BUNDLE_IDENTIFIER = cn.ark.ArkWaterflowViewTests;
				PRODUCT_NAME = "$(TARGET_NAME)";
				TEST_HOST = "$(BUILT_PRODUCTS_DIR)/ArkWaterflowView.app/ArkWaterflowView";
			};
			name = Release;
		};
		49947BA91C4542B8008E0ED7 /* Debug */ = {
			isa = XCBuildConfiguration;
			buildSettings = {
				INFOPLIST_FILE = ArkWaterflowViewUITests/Info.plist;
				LD_RUNPATH_SEARCH_PATHS = "$(inherited) @executable_path/Frameworks @loader_path/Frameworks";
				PRODUCT_BUNDLE_IDENTIFIER = cn.ark.ArkWaterflowViewUITests;
				PRODUCT_NAME = "$(TARGET_NAME)";
				TEST_TARGET_NAME = ArkWaterflowView;
				USES_XCTRUNNER = YES;
			};
			name = Debug;
		};
		49947BAA1C4542B8008E0ED7 /* Release */ = {
			isa = XCBuildConfiguration;
			buildSettings = {
				INFOPLIST_FILE = ArkWaterflowViewUITests/Info.plist;
				LD_RUNPATH_SEARCH_PATHS = "$(inherited) @executable_path/Frameworks @loader_path/Frameworks";
				PRODUCT_BUNDLE_IDENTIFIER = cn.ark.ArkWaterflowViewUITests;
				PRODUCT_NAME = "$(TARGET_NAME)";
				TEST_TARGET_NAME = ArkWaterflowView;
				USES_XCTRUNNER = YES;
			};
			name = Release;
		};
/* End XCBuildConfiguration section */

/* Begin XCConfigurationList section */
		49947B701C4542B8008E0ED7 /* Build configuration list for PBXProject "ArkWaterflowView" */ = {
			isa = XCConfigurationList;
			buildConfigurations = (
				49947BA01C4542B8008E0ED7 /* Debug */,
				49947BA11C4542B8008E0ED7 /* Release */,
			);
			defaultConfigurationIsVisible = 0;
			defaultConfigurationName = Release;
		};
		49947BA21C4542B8008E0ED7 /* Build configuration list for PBXNativeTarget "ArkWaterflowView" */ = {
			isa = XCConfigurationList;
			buildConfigurations = (
				49947BA31C4542B8008E0ED7 /* Debug */,
				49947BA41C4542B8008E0ED7 /* Release */,
			);
			defaultConfigurationIsVisible = 0;
		};
		49947BA51C4542B8008E0ED7 /* Build configuration list for PBXNativeTarget "ArkWaterflowViewTests" */ = {
			isa = XCConfigurationList;
			buildConfigurations = (
				49947BA61C4542B8008E0ED7 /* Debug */,
				49947BA71C4542B8008E0ED7 /* Release */,
			);
			defaultConfigurationIsVisible = 0;
		};
		49947BA81C4542B8008E0ED7 /* Build configuration list for PBXNativeTarget "ArkWaterflowViewUITests" */ = {
			isa = XCConfigurationList;
			buildConfigurations = (
				49947BA91C4542B8008E0ED7 /* Debug */,
				49947BAA1C4542B8008E0ED7 /* Release */,
			);
			defaultConfigurationIsVisible = 0;
		};
/* End XCConfigurationList section */
	};
	rootObject = 49947B6D1C4542B8008E0ED7 /* Project object */;
}
